
Microsoft Visual Studio Solution File, Format Version 12.00
# Visual Studio Version 16
VisualStudioVersion = 16.0.29020.237
MinimumVisualStudioVersion = 10.0.40219.1
Project("{9A19103F-16F7-4668-BE54-9A1E7A4F7556}") = "Platform.Collections", "csharp\Platform.Collections\Platform.Collections.csproj", "{2F8E911D-5B02-436D-BE07-12EB43DD9222}"
EndProject
Project("{9A19103F-16F7-4668-BE54-9A1E7A4F7556}") = "Platform.Collections.Benchmarks", "csharp\Platform.Collections.Benchmarks\Platform.Collections.Benchmarks.csproj", "{ACA3B015-3F5C-4506-86DC-5FFE98ADF1CD}"
EndProject
Project("{9A19103F-16F7-4668-BE54-9A1E7A4F7556}") = "Platform.Collections.Tests", "csharp\Platform.Collections.Tests\Platform.Collections.Tests.csproj", "{7A164464-0EEF-4863-ACEA-05600BF92E0E}"
EndProject
Global
	GlobalSection(SolutionConfigurationPlatforms) = preSolution
		Debug|Any CPU = Debug|Any CPU
		Release|Any CPU = Release|Any CPU
	EndGlobalSection
	GlobalSection(ProjectConfigurationPlatforms) = postSolution
		{2F8E911D-5B02-436D-BE07-12EB43DD9222}.Debug|Any CPU.ActiveCfg = Debug|Any CPU
		{2F8E911D-5B02-436D-BE07-12EB43DD9222}.Debug|Any CPU.Build.0 = Debug|Any CPU
		{2F8E911D-5B02-436D-BE07-12EB43DD9222}.Release|Any CPU.ActiveCfg = Release|Any CPU
		{2F8E911D-5B02-436D-BE07-12EB43DD9222}.Release|Any CPU.Build.0 = Release|Any CPU
		{ACA3B015-3F5C-4506-86DC-5FFE98ADF1CD}.Debug|Any CPU.ActiveCfg = Debug|Any CPU
		{ACA3B015-3F5C-4506-86DC-5FFE98ADF1CD}.Debug|Any CPU.Build.0 = Debug|Any CPU
		{ACA3B015-3F5C-4506-86DC-5FFE98ADF1CD}.Release|Any CPU.ActiveCfg = Release|Any CPU
		{ACA3B015-3F5C-4506-86DC-5FFE98ADF1CD}.Release|Any CPU.Build.0 = Release|Any CPU
		{7A164464-0EEF-4863-ACEA-05600BF92E0E}.Debug|Any CPU.ActiveCfg = Debug|Any CPU
		{7A164464-0EEF-4863-ACEA-05600BF92E0E}.Debug|Any CPU.Build.0 = Debug|Any CPU
		{7A164464-0EEF-4863-ACEA-05600BF92E0E}.Release|Any CPU.ActiveCfg = Release|Any CPU
		{7A164464-0EEF-4863-ACEA-05600BF92E0E}.Release|Any CPU.Build.0 = Release|Any CPU
	EndGlobalSection
	GlobalSection(SolutionProperties) = preSolution
		HideSolutionNode = FALSE
	EndGlobalSection
	GlobalSection(ExtensibilityGlobals) = postSolution
		SolutionGuid = {E25C8E4A-4070-4BC0-9737-FC096146D711}
	EndGlobalSection
EndGlobal
