
Microsoft Visual Studio Solution File, Format Version 12.00
# Visual Studio Version 16
VisualStudioVersion = 16.0.29020.237
MinimumVisualStudioVersion = 10.0.40219.1
Project("{9A19103F-16F7-4668-BE54-9A1E7A4F7556}") = "Platform.Collections", "Platform.Collections\Platform.Collections.csproj", "{D4F40FA9-6BC1-45FE-AE1A-6CF0569BB79D}"
EndProject
Project("{9A19103F-16F7-4668-BE54-9A1E7A4F7556}") = "Platform.Collections.Tests", "Platform.Collections.Tests\Platform.Collections.Tests.csproj", "{5F2EDA36-B425-431A-B058-A282AD0D96AF}"
EndProject
Project("{FAE04EC0-301F-11D3-BF4B-00C04F79EFBC}") = "Platform.Collections.Benchmarks", "Platform.Collections.Benchmarks\Platform.Collections.Benchmarks.csproj", "{017DCEB9-673F-4C56-ABD7-3D2CD1AA0FEC}"
EndProject
Global
	GlobalSection(SolutionConfigurationPlatforms) = preSolution
		Debug|Any CPU = Debug|Any CPU
		Release|Any CPU = Release|Any CPU
	EndGlobalSection
	GlobalSection(ProjectConfigurationPlatforms) = postSolution
		{D4F40FA9-6BC1-45FE-AE1A-6CF0569BB79D}.Debug|Any CPU.ActiveCfg = Debug|Any CPU
		{D4F40FA9-6BC1-45FE-AE1A-6CF0569BB79D}.Debug|Any CPU.Build.0 = Debug|Any CPU
		{D4F40FA9-6BC1-45FE-AE1A-6CF0569BB79D}.Release|Any CPU.ActiveCfg = Release|Any CPU
		{D4F40FA9-6BC1-45FE-AE1A-6CF0569BB79D}.Release|Any CPU.Build.0 = Release|Any CPU
		{5F2EDA36-B425-431A-B058-A282AD0D96AF}.Debug|Any CPU.ActiveCfg = Debug|Any CPU
		{5F2EDA36-B425-431A-B058-A282AD0D96AF}.Debug|Any CPU.Build.0 = Debug|Any CPU
		{5F2EDA36-B425-431A-B058-A282AD0D96AF}.Release|Any CPU.ActiveCfg = Release|Any CPU
		{5F2EDA36-B425-431A-B058-A282AD0D96AF}.Release|Any CPU.Build.0 = Release|Any CPU
		{017DCEB9-673F-4C56-ABD7-3D2CD1AA0FEC}.Debug|Any CPU.ActiveCfg = Debug|Any CPU
		{017DCEB9-673F-4C56-ABD7-3D2CD1AA0FEC}.Debug|Any CPU.Build.0 = Debug|Any CPU
		{017DCEB9-673F-4C56-ABD7-3D2CD1AA0FEC}.Release|Any CPU.ActiveCfg = Release|Any CPU
		{017DCEB9-673F-4C56-ABD7-3D2CD1AA0FEC}.Release|Any CPU.Build.0 = Release|Any CPU
	EndGlobalSection
	GlobalSection(SolutionProperties) = preSolution
		HideSolutionNode = FALSE
	EndGlobalSection
	GlobalSection(ExtensibilityGlobals) = postSolution
		SolutionGuid = {E25C8E4A-4070-4BC0-9737-FC096146D711}
	EndGlobalSection
EndGlobal
